
Microsoft Visual Studio Solution File, Format Version 12.00
# Visual Studio Version 16
VisualStudioVersion = 16.0.32126.315
MinimumVisualStudioVersion = 10.0.40219.1
Project("{FAE04EC0-301F-11D3-BF4B-00C04F79EFBC}") = "PhilotesApp.Android", "PhilotesApp\PhilotesApp.Android\PhilotesApp.Android.csproj", "{2D24550F-FD4C-4541-A593-EC171E1425E4}"
EndProject
Project("{FAE04EC0-301F-11D3-BF4B-00C04F79EFBC}") = "PhilotesApp.iOS", "PhilotesApp\PhilotesApp.iOS\PhilotesApp.iOS.csproj", "{7CEBD26D-31C9-4D63-8BA2-6FD2C578975F}"
EndProject
Project("{FAE04EC0-301F-11D3-BF4B-00C04F79EFBC}") = "PhilotesApp", "PhilotesApp\PhilotesApp\PhilotesApp.csproj", "{2485FB26-3C02-4B31-ADCF-AE4644C083FD}"
EndProject
Global
	GlobalSection(SolutionConfigurationPlatforms) = preSolution
		Debug|Any CPU = Debug|Any CPU
		Debug|iPhone = Debug|iPhone
		Debug|iPhoneSimulator = Debug|iPhoneSimulator
		Release|Any CPU = Release|Any CPU
		Release|iPhone = Release|iPhone
		Release|iPhoneSimulator = Release|iPhoneSimulator
	EndGlobalSection
	GlobalSection(ProjectConfigurationPlatforms) = postSolution
		{2D24550F-FD4C-4541-A593-EC171E1425E4}.Debug|Any CPU.ActiveCfg = Debug|Any CPU
		{2D24550F-FD4C-4541-A593-EC171E1425E4}.Debug|Any CPU.Build.0 = Debug|Any CPU
		{2D24550F-FD4C-4541-A593-EC171E1425E4}.Debug|Any CPU.Deploy.0 = Debug|Any CPU
		{2D24550F-FD4C-4541-A593-EC171E1425E4}.Debug|iPhone.ActiveCfg = Debug|Any CPU
		{2D24550F-FD4C-4541-A593-EC171E1425E4}.Debug|iPhone.Build.0 = Debug|Any CPU
		{2D24550F-FD4C-4541-A593-EC171E1425E4}.Debug|iPhone.Deploy.0 = Debug|Any CPU
		{2D24550F-FD4C-4541-A593-EC171E1425E4}.Debug|iPhoneSimulator.ActiveCfg = Debug|Any CPU
		{2D24550F-FD4C-4541-A593-EC171E1425E4}.Debug|iPhoneSimulator.Build.0 = Debug|Any CPU
		{2D24550F-FD4C-4541-A593-EC171E1425E4}.Debug|iPhoneSimulator.Deploy.0 = Debug|Any CPU
		{2D24550F-FD4C-4541-A593-EC171E1425E4}.Release|Any CPU.ActiveCfg = Release|Any CPU
		{2D24550F-FD4C-4541-A593-EC171E1425E4}.Release|Any CPU.Build.0 = Release|Any CPU
		{2D24550F-FD4C-4541-A593-EC171E1425E4}.Release|Any CPU.Deploy.0 = Release|Any CPU
		{2D24550F-FD4C-4541-A593-EC171E1425E4}.Release|iPhone.ActiveCfg = Release|Any CPU
		{2D24550F-FD4C-4541-A593-EC171E1425E4}.Release|iPhone.Build.0 = Release|Any CPU
		{2D24550F-FD4C-4541-A593-EC171E1425E4}.Release|iPhone.Deploy.0 = Release|Any CPU
		{2D24550F-FD4C-4541-A593-EC171E1425E4}.Release|iPhoneSimulator.ActiveCfg = Release|Any CPU
		{2D24550F-FD4C-4541-A593-EC171E1425E4}.Release|iPhoneSimulator.Build.0 = Release|Any CPU
		{2D24550F-FD4C-4541-A593-EC171E1425E4}.Release|iPhoneSimulator.Deploy.0 = Release|Any CPU
		{7CEBD26D-31C9-4D63-8BA2-6FD2C578975F}.Debug|Any CPU.ActiveCfg = Debug|iPhone
		{7CEBD26D-31C9-4D63-8BA2-6FD2C578975F}.Debug|Any CPU.Build.0 = Debug|iPhone
		{7CEBD26D-31C9-4D63-8BA2-6FD2C578975F}.Debug|Any CPU.Deploy.0 = Debug|iPhone
		{7CEBD26D-31C9-4D63-8BA2-6FD2C578975F}.Debug|iPhone.ActiveCfg = Debug|iPhone
		{7CEBD26D-31C9-4D63-8BA2-6FD2C578975F}.Debug|iPhone.Build.0 = Debug|iPhone
		{7CEBD26D-31C9-4D63-8BA2-6FD2C578975F}.Debug|iPhone.Deploy.0 = Debug|iPhone
		{7CEBD26D-31C9-4D63-8BA2-6FD2C578975F}.Debug|iPhoneSimulator.ActiveCfg = Debug|iPhoneSimulator
		{7CEBD26D-31C9-4D63-8BA2-6FD2C578975F}.Debug|iPhoneSimulator.Build.0 = Debug|iPhoneSimulator
		{7CEBD26D-31C9-4D63-8BA2-6FD2C578975F}.Debug|iPhoneSimulator.Deploy.0 = Debug|iPhoneSimulator
		{7CEBD26D-31C9-4D63-8BA2-6FD2C578975F}.Release|Any CPU.ActiveCfg = Release|iPhoneSimulator
		{7CEBD26D-31C9-4D63-8BA2-6FD2C578975F}.Release|Any CPU.Build.0 = Release|iPhoneSimulator
		{7CEBD26D-31C9-4D63-8BA2-6FD2C578975F}.Release|Any CPU.Deploy.0 = Release|iPhoneSimulator
		{7CEBD26D-31C9-4D63-8BA2-6FD2C578975F}.Release|iPhone.ActiveCfg = Release|iPhone
		{7CEBD26D-31C9-4D63-8BA2-6FD2C578975F}.Release|iPhone.Build.0 = Release|iPhone
		{7CEBD26D-31C9-4D63-8BA2-6FD2C578975F}.Release|iPhone.Deploy.0 = Release|iPhone
		{7CEBD26D-31C9-4D63-8BA2-6FD2C578975F}.Release|iPhoneSimulator.ActiveCfg = Release|iPhoneSimulator
		{7CEBD26D-31C9-4D63-8BA2-6FD2C578975F}.Release|iPhoneSimulator.Build.0 = Release|iPhoneSimulator
		{7CEBD26D-31C9-4D63-8BA2-6FD2C578975F}.Release|iPhoneSimulator.Deploy.0 = Release|iPhoneSimulator
		{2485FB26-3C02-4B31-ADCF-AE4644C083FD}.Debug|Any CPU.ActiveCfg = Debug|Any CPU
		{2485FB26-3C02-4B31-ADCF-AE4644C083FD}.Debug|Any CPU.Build.0 = Debug|Any CPU
		{2485FB26-3C02-4B31-ADCF-AE4644C083FD}.Debug|Any CPU.Deploy.0 = Debug|Any CPU
		{2485FB26-3C02-4B31-ADCF-AE4644C083FD}.Debug|iPhone.ActiveCfg = Debug|Any CPU
		{2485FB26-3C02-4B31-ADCF-AE4644C083FD}.Debug|iPhone.Build.0 = Debug|Any CPU
		{2485FB26-3C02-4B31-ADCF-AE4644C083FD}.Debug|iPhone.Deploy.0 = Debug|Any CPU
		{2485FB26-3C02-4B31-ADCF-AE4644C083FD}.Debug|iPhoneSimulator.ActiveCfg = Debug|Any CPU
		{2485FB26-3C02-4B31-ADCF-AE4644C083FD}.Debug|iPhoneSimulator.Build.0 = Debug|Any CPU
		{2485FB26-3C02-4B31-ADCF-AE4644C083FD}.Debug|iPhoneSimulator.Deploy.0 = Debug|Any CPU
		{2485FB26-3C02-4B31-ADCF-AE4644C083FD}.Release|Any CPU.ActiveCfg = Release|Any CPU
		{2485FB26-3C02-4B31-ADCF-AE4644C083FD}.Release|Any CPU.Build.0 = Release|Any CPU
		{2485FB26-3C02-4B31-ADCF-AE4644C083FD}.Release|Any CPU.Deploy.0 = Release|Any CPU
		{2485FB26-3C02-4B31-ADCF-AE4644C083FD}.Release|iPhone.ActiveCfg = Release|Any CPU
		{2485FB26-3C02-4B31-ADCF-AE4644C083FD}.Release|iPhone.Build.0 = Release|Any CPU
		{2485FB26-3C02-4B31-ADCF-AE4644C083FD}.Release|iPhone.Deploy.0 = Release|Any CPU
		{2485FB26-3C02-4B31-ADCF-AE4644C083FD}.Release|iPhoneSimulator.ActiveCfg = Release|Any CPU
		{2485FB26-3C02-4B31-ADCF-AE4644C083FD}.Release|iPhoneSimulator.Build.0 = Release|Any CPU
		{2485FB26-3C02-4B31-ADCF-AE4644C083FD}.Release|iPhoneSimulator.Deploy.0 = Release|Any CPU
	EndGlobalSection
	GlobalSection(SolutionProperties) = preSolution
		HideSolutionNode = FALSE
	EndGlobalSection
	GlobalSection(ExtensibilityGlobals) = postSolution
		SolutionGuid = {2B4F953C-695E-43D9-A405-170AD6C084F4}
	EndGlobalSection
EndGlobal
